
Microsoft Visual Studio Solution File, Format Version 12.00
# Visual Studio Version 17
VisualStudioVersion = 17.14.36705.20
MinimumVisualStudioVersion = 10.0.40219.1
Project("{FAE04EC0-301F-11D3-BF4B-00C04F79EFBC}") = "Avds_Api", "Avds_Api\Avds_Api.csproj", "{DE2DF544-417D-4F2B-8054-46D536EA5574}"
EndProject
Project("{FAE04EC0-301F-11D3-BF4B-00C04F79EFBC}") = "Avds_Buisness", "Avds_Buisness\Avds_Buisness.csproj", "{3F8B8C9A-366A-370C-D8E0-864054B9C3E0}"
EndProject
Project("{FAE04EC0-301F-11D3-BF4B-00C04F79EFBC}") = "Avds_DataAccess", "Avds_DataAccess\Avds_DataAccess.csproj", "{FB40CDBB-683A-4270-48AD-47DE2A3ED9DD}"
EndProject
Global
	GlobalSection(SolutionConfigurationPlatforms) = preSolution
		Debug|Any CPU = Debug|Any CPU
		Release|Any CPU = Release|Any CPU
	EndGlobalSection
	GlobalSection(ProjectConfigurationPlatforms) = postSolution
		{DE2DF544-417D-4F2B-8054-46D536EA5574}.Debug|Any CPU.ActiveCfg = Debug|Any CPU
		{DE2DF544-417D-4F2B-8054-46D536EA5574}.Debug|Any CPU.Build.0 = Debug|Any CPU
		{DE2DF544-417D-4F2B-8054-46D536EA5574}.Release|Any CPU.ActiveCfg = Release|Any CPU
		{DE2DF544-417D-4F2B-8054-46D536EA5574}.Release|Any CPU.Build.0 = Release|Any CPU
		{3F8B8C9A-366A-370C-D8E0-864054B9C3E0}.Debug|Any CPU.ActiveCfg = Debug|Any CPU
		{3F8B8C9A-366A-370C-D8E0-864054B9C3E0}.Debug|Any CPU.Build.0 = Debug|Any CPU
		{3F8B8C9A-366A-370C-D8E0-864054B9C3E0}.Release|Any CPU.ActiveCfg = Release|Any CPU
		{3F8B8C9A-366A-370C-D8E0-864054B9C3E0}.Release|Any CPU.Build.0 = Release|Any CPU
		{FB40CDBB-683A-4270-48AD-47DE2A3ED9DD}.Debug|Any CPU.ActiveCfg = Debug|Any CPU
		{FB40CDBB-683A-4270-48AD-47DE2A3ED9DD}.Debug|Any CPU.Build.0 = Debug|Any CPU
		{FB40CDBB-683A-4270-48AD-47DE2A3ED9DD}.Release|Any CPU.ActiveCfg = Release|Any CPU
		{FB40CDBB-683A-4270-48AD-47DE2A3ED9DD}.Release|Any CPU.Build.0 = Release|Any CPU
	EndGlobalSection
	GlobalSection(SolutionProperties) = preSolution
		HideSolutionNode = FALSE
	EndGlobalSection
	GlobalSection(ExtensibilityGlobals) = postSolution
		SolutionGuid = {BECB65C8-F669-4264-AA94-CE809720DAFB}
	EndGlobalSection
EndGlobal
